
Microsoft Visual Studio Solution File, Format Version 12.00
Project("{FAE04EC0-301F-11D3-BF4B-00C04F79EFBC}") = "Lab6-2", "Lab6-2\Lab6-2.csproj", "{15C34393-9133-47F7-823A-1DC0A65897AD}"
EndProject
Global
	GlobalSection(SolutionConfigurationPlatforms) = preSolution
		Debug|Any CPU = Debug|Any CPU
		Release|Any CPU = Release|Any CPU
	EndGlobalSection
	GlobalSection(ProjectConfigurationPlatforms) = postSolution
		{15C34393-9133-47F7-823A-1DC0A65897AD}.Debug|Any CPU.ActiveCfg = Debug|Any CPU
		{15C34393-9133-47F7-823A-1DC0A65897AD}.Debug|Any CPU.Build.0 = Debug|Any CPU
		{15C34393-9133-47F7-823A-1DC0A65897AD}.Release|Any CPU.ActiveCfg = Release|Any CPU
		{15C34393-9133-47F7-823A-1DC0A65897AD}.Release|Any CPU.Build.0 = Release|Any CPU
	EndGlobalSection
EndGlobal
